
Microsoft Visual Studio Solution File, Format Version 12.00
# Visual Studio Version 17
VisualStudioVersion = 17.10.34607.79
MinimumVisualStudioVersion = 10.0.40219.1
Project("{8BC9CEB8-8B4A-11D0-8D11-00A0C91BC942}") = "cpp", "cpp\cpp.vcxproj", "{520547AB-E4C9-47A0-97F6-3B15C4B8C966}"
EndProject
Project("{FAE04EC0-301F-11D3-BF4B-00C04F79EFBC}") = "csharp", "csharp\csharp.csproj", "{6DF83E5D-43AB-42E2-8282-BE14DC6714C1}"
	ProjectSection(ProjectDependencies) = postProject
		{520547AB-E4C9-47A0-97F6-3B15C4B8C966} = {520547AB-E4C9-47A0-97F6-3B15C4B8C966}
	EndProjectSection
EndProject
Global
	GlobalSection(SolutionConfigurationPlatforms) = preSolution
		Debug|Any CPU = Debug|Any CPU
		Debug|x64 = Debug|x64
		Debug|x86 = Debug|x86
		Release|Any CPU = Release|Any CPU
		Release|x64 = Release|x64
		Release|x86 = Release|x86
	EndGlobalSection
	GlobalSection(ProjectConfigurationPlatforms) = postSolution
		{520547AB-E4C9-47A0-97F6-3B15C4B8C966}.Debug|Any CPU.ActiveCfg = Debug|x64
		{520547AB-E4C9-47A0-97F6-3B15C4B8C966}.Debug|Any CPU.Build.0 = Debug|x64
		{520547AB-E4C9-47A0-97F6-3B15C4B8C966}.Debug|x64.ActiveCfg = Debug|x64
		{520547AB-E4C9-47A0-97F6-3B15C4B8C966}.Debug|x64.Build.0 = Debug|x64
		{520547AB-E4C9-47A0-97F6-3B15C4B8C966}.Debug|x86.ActiveCfg = Debug|Win32
		{520547AB-E4C9-47A0-97F6-3B15C4B8C966}.Debug|x86.Build.0 = Debug|Win32
		{520547AB-E4C9-47A0-97F6-3B15C4B8C966}.Release|Any CPU.ActiveCfg = Release|x64
		{520547AB-E4C9-47A0-97F6-3B15C4B8C966}.Release|Any CPU.Build.0 = Release|x64
		{520547AB-E4C9-47A0-97F6-3B15C4B8C966}.Release|x64.ActiveCfg = Release|x64
		{520547AB-E4C9-47A0-97F6-3B15C4B8C966}.Release|x64.Build.0 = Release|x64
		{520547AB-E4C9-47A0-97F6-3B15C4B8C966}.Release|x86.ActiveCfg = Release|Win32
		{520547AB-E4C9-47A0-97F6-3B15C4B8C966}.Release|x86.Build.0 = Release|Win32
		{6DF83E5D-43AB-42E2-8282-BE14DC6714C1}.Debug|Any CPU.ActiveCfg = Debug|Any CPU
		{6DF83E5D-43AB-42E2-8282-BE14DC6714C1}.Debug|Any CPU.Build.0 = Debug|Any CPU
		{6DF83E5D-43AB-42E2-8282-BE14DC6714C1}.Debug|x64.ActiveCfg = Debug|Any CPU
		{6DF83E5D-43AB-42E2-8282-BE14DC6714C1}.Debug|x64.Build.0 = Debug|Any CPU
		{6DF83E5D-43AB-42E2-8282-BE14DC6714C1}.Debug|x86.ActiveCfg = Debug|Any CPU
		{6DF83E5D-43AB-42E2-8282-BE14DC6714C1}.Debug|x86.Build.0 = Debug|Any CPU
		{6DF83E5D-43AB-42E2-8282-BE14DC6714C1}.Release|Any CPU.ActiveCfg = Release|Any CPU
		{6DF83E5D-43AB-42E2-8282-BE14DC6714C1}.Release|Any CPU.Build.0 = Release|Any CPU
		{6DF83E5D-43AB-42E2-8282-BE14DC6714C1}.Release|x64.ActiveCfg = Release|Any CPU
		{6DF83E5D-43AB-42E2-8282-BE14DC6714C1}.Release|x64.Build.0 = Release|Any CPU
		{6DF83E5D-43AB-42E2-8282-BE14DC6714C1}.Release|x86.ActiveCfg = Release|Any CPU
		{6DF83E5D-43AB-42E2-8282-BE14DC6714C1}.Release|x86.Build.0 = Release|Any CPU
	EndGlobalSection
	GlobalSection(SolutionProperties) = preSolution
		HideSolutionNode = FALSE
	EndGlobalSection
	GlobalSection(ExtensibilityGlobals) = postSolution
		SolutionGuid = {E0169C57-4C05-4662-B7CA-58C57EE53A3E}
	EndGlobalSection
EndGlobal
